// !$*UTF8*$!
{
	archiveVersion = 1;
	classes = {
	};
	objectVersion = 50;
	objects = {

/* Begin PBXBuildFile section */
		7BC2CA3F2217BCD900309445 /* FuelStation.swift in Sources */ = {isa = PBXBuildFile; fileRef = 7BC2CA3E2217BCD900309445 /* FuelStation.swift */; };
		7BCBE6AE2218CCDC009A6A8D /* InfoPaneViewController.swift in Sources */ = {isa = PBXBuildFile; fileRef = 7BCBE6AD2218CCDC009A6A8D /* InfoPaneViewController.swift */; };
		D0BEA75E220A2DEA00FF2485 /* AppDelegate.swift in Sources */ = {isa = PBXBuildFile; fileRef = D0BEA75D220A2DEA00FF2485 /* AppDelegate.swift */; };
		D0BEA760220A2DEA00FF2485 /* ViewController.swift in Sources */ = {isa = PBXBuildFile; fileRef = D0BEA75F220A2DEA00FF2485 /* ViewController.swift */; };
		D0BEA763220A2DEA00FF2485 /* Main.storyboard in Resources */ = {isa = PBXBuildFile; fileRef = D0BEA761220A2DEA00FF2485 /* Main.storyboard */; };
		D0BEA766220A2DEA00FF2485 /* ReCharge_iOS.xcdatamodeld in Sources */ = {isa = PBXBuildFile; fileRef = D0BEA764220A2DEA00FF2485 /* ReCharge_iOS.xcdatamodeld */; };
		D0BEA768220A2DEA00FF2485 /* Assets.xcassets in Resources */ = {isa = PBXBuildFile; fileRef = D0BEA767220A2DEA00FF2485 /* Assets.xcassets */; };
		D0BEA76B220A2DEA00FF2485 /* LaunchScreen.storyboard in Resources */ = {isa = PBXBuildFile; fileRef = D0BEA769220A2DEA00FF2485 /* LaunchScreen.storyboard */; };
/* End PBXBuildFile section */

/* Begin PBXFileReference section */
		7BC2CA3E2217BCD900309445 /* FuelStation.swift */ = {isa = PBXFileReference; fileEncoding = 4; lastKnownFileType = sourcecode.swift; path = FuelStation.swift; sourceTree = "<group>"; };
		7BCBE6AD2218CCDC009A6A8D /* InfoPaneViewController.swift */ = {isa = PBXFileReference; lastKnownFileType = sourcecode.swift; path = InfoPaneViewController.swift; sourceTree = "<group>"; };
		D0BEA75A220A2DEA00FF2485 /* ReCharge-iOS.app */ = {isa = PBXFileReference; explicitFileType = wrapper.application; includeInIndex = 0; path = "ReCharge-iOS.app"; sourceTree = BUILT_PRODUCTS_DIR; };
		D0BEA75D220A2DEA00FF2485 /* AppDelegate.swift */ = {isa = PBXFileReference; lastKnownFileType = sourcecode.swift; path = AppDelegate.swift; sourceTree = "<group>"; };
		D0BEA75F220A2DEA00FF2485 /* ViewController.swift */ = {isa = PBXFileReference; lastKnownFileType = sourcecode.swift; path = ViewController.swift; sourceTree = "<group>"; };
		D0BEA762220A2DEA00FF2485 /* Base */ = {isa = PBXFileReference; lastKnownFileType = file.storyboard; name = Base; path = Base.lproj/Main.storyboard; sourceTree = "<group>"; };
		D0BEA765220A2DEA00FF2485 /* ReCharge_iOS.xcdatamodel */ = {isa = PBXFileReference; lastKnownFileType = wrapper.xcdatamodel; path = ReCharge_iOS.xcdatamodel; sourceTree = "<group>"; };
		D0BEA767220A2DEA00FF2485 /* Assets.xcassets */ = {isa = PBXFileReference; lastKnownFileType = folder.assetcatalog; path = Assets.xcassets; sourceTree = "<group>"; };
		D0BEA76A220A2DEA00FF2485 /* Base */ = {isa = PBXFileReference; lastKnownFileType = file.storyboard; name = Base; path = Base.lproj/LaunchScreen.storyboard; sourceTree = "<group>"; };
		D0BEA76C220A2DEA00FF2485 /* Info.plist */ = {isa = PBXFileReference; lastKnownFileType = text.plist.xml; path = Info.plist; sourceTree = "<group>"; };
/* End PBXFileReference section */

/* Begin PBXFrameworksBuildPhase section */
		D0BEA757220A2DEA00FF2485 /* Frameworks */ = {
			isa = PBXFrameworksBuildPhase;
			buildActionMask = 2147483647;
			files = (
			);
			runOnlyForDeploymentPostprocessing = 0;
		};
/* End PBXFrameworksBuildPhase section */

/* Begin PBXGroup section */
		D0BEA751220A2DEA00FF2485 = {
			isa = PBXGroup;
			children = (
				D0BEA75C220A2DEA00FF2485 /* ReCharge-iOS */,
				D0BEA75B220A2DEA00FF2485 /* Products */,
			);
			sourceTree = "<group>";
		};
		D0BEA75B220A2DEA00FF2485 /* Products */ = {
			isa = PBXGroup;
			children = (
				D0BEA75A220A2DEA00FF2485 /* ReCharge-iOS.app */,
			);
			name = Products;
			sourceTree = "<group>";
		};
		D0BEA75C220A2DEA00FF2485 /* ReCharge-iOS */ = {
			isa = PBXGroup;
			children = (
				7BC2CA3E2217BCD900309445 /* FuelStation.swift */,
				D0BEA75D220A2DEA00FF2485 /* AppDelegate.swift */,
				D0BEA75F220A2DEA00FF2485 /* ViewController.swift */,
				7BCBE6AD2218CCDC009A6A8D /* InfoPaneViewController.swift */,
				D0BEA761220A2DEA00FF2485 /* Main.storyboard */,
				D0BEA767220A2DEA00FF2485 /* Assets.xcassets */,
				D0BEA769220A2DEA00FF2485 /* LaunchScreen.storyboard */,
				D0BEA76C220A2DEA00FF2485 /* Info.plist */,
				D0BEA764220A2DEA00FF2485 /* ReCharge_iOS.xcdatamodeld */,
			);
			path = "ReCharge-iOS";
			sourceTree = "<group>";
		};
/* End PBXGroup section */

/* Begin PBXNativeTarget section */
		D0BEA759220A2DEA00FF2485 /* ReCharge-iOS */ = {
			isa = PBXNativeTarget;
			buildConfigurationList = D0BEA76F220A2DEA00FF2485 /* Build configuration list for PBXNativeTarget "ReCharge-iOS" */;
			buildPhases = (
				D0BEA756220A2DEA00FF2485 /* Sources */,
				D0BEA757220A2DEA00FF2485 /* Frameworks */,
				D0BEA758220A2DEA00FF2485 /* Resources */,
			);
			buildRules = (
			);
			dependencies = (
			);
			name = "ReCharge-iOS";
			productName = "ReCharge-iOS";
			productReference = D0BEA75A220A2DEA00FF2485 /* ReCharge-iOS.app */;
			productType = "com.apple.product-type.application";
		};
/* End PBXNativeTarget section */

/* Begin PBXProject section */
		D0BEA752220A2DEA00FF2485 /* Project object */ = {
			isa = PBXProject;
			attributes = {
				LastSwiftUpdateCheck = 1010;
				LastUpgradeCheck = 1010;
				TargetAttributes = {
					D0BEA759220A2DEA00FF2485 = {
						CreatedOnToolsVersion = 10.1;
					};
				};
			};
			buildConfigurationList = D0BEA755220A2DEA00FF2485 /* Build configuration list for PBXProject "ReCharge-iOS" */;
			compatibilityVersion = "Xcode 9.3";
			developmentRegion = en;
			hasScannedForEncodings = 0;
			knownRegions = (
				en,
				Base,
			);
			mainGroup = D0BEA751220A2DEA00FF2485;
			productRefGroup = D0BEA75B220A2DEA00FF2485 /* Products */;
			projectDirPath = "";
			projectRoot = "";
			targets = (
				D0BEA759220A2DEA00FF2485 /* ReCharge-iOS */,
			);
		};
/* End PBXProject section */

/* Begin PBXResourcesBuildPhase section */
		D0BEA758220A2DEA00FF2485 /* Resources */ = {
			isa = PBXResourcesBuildPhase;
			buildActionMask = 2147483647;
			files = (
				D0BEA76B220A2DEA00FF2485 /* LaunchScreen.storyboard in Resources */,
				D0BEA768220A2DEA00FF2485 /* Assets.xcassets in Resources */,
				D0BEA763220A2DEA00FF2485 /* Main.storyboard in Resources */,
			);
			runOnlyForDeploymentPostprocessing = 0;
		};
/* End PBXResourcesBuildPhase section */

/* Begin PBXSourcesBuildPhase section */
		D0BEA756220A2DEA00FF2485 /* Sources */ = {
			isa = PBXSourcesBuildPhase;
			buildActionMask = 2147483647;
			files = (
				D0BEA766220A2DEA00FF2485 /* ReCharge_iOS.xcdatamodeld in Sources */,
				7BCBE6AE2218CCDC009A6A8D /* InfoPaneViewController.swift in Sources */,
				D0BEA760220A2DEA00FF2485 /* ViewController.swift in Sources */,
				7BC2CA3F2217BCD900309445 /* FuelStation.swift in Sources */,
				D0BEA75E220A2DEA00FF2485 /* AppDelegate.swift in Sources */,
			);
			runOnlyForDeploymentPostprocessing = 0;
		};
/* End PBXSourcesBuildPhase section */

/* Begin PBXVariantGroup section */
		D0BEA761220A2DEA00FF2485 /* Main.storyboard */ = {
			isa = PBXVariantGroup;
			children = (
				D0BEA762220A2DEA00FF2485 /* Base */,
			);
			name = Main.storyboard;
			sourceTree = "<group>";
		};
		D0BEA769220A2DEA00FF2485 /* LaunchScreen.storyboard */ = {
			isa = PBXVariantGroup;
			children = (
				D0BEA76A220A2DEA00FF2485 /* Base */,
			);
			name = LaunchScreen.storyboard;
			sourceTree = "<group>";
		};
/* End PBXVariantGroup section */

/* Begin XCBuildConfiguration section */
		D0BEA76D220A2DEA00FF2485 /* Debug */ = {
			isa = XCBuildConfiguration;
			buildSettings = {
				ALWAYS_SEARCH_USER_PATHS = NO;
				CLANG_ANALYZER_NONNULL = YES;
				CLANG_ANALYZER_NUMBER_OBJECT_CONVERSION = YES_AGGRESSIVE;
				CLANG_CXX_LANGUAGE_STANDARD = "gnu++14";
				CLANG_CXX_LIBRARY = "libc++";
				CLANG_ENABLE_MODULES = YES;
				CLANG_ENABLE_OBJC_ARC = YES;
				CLANG_ENABLE_OBJC_WEAK = YES;
				CLANG_WARN_BLOCK_CAPTURE_AUTORELEASING = YES;
				CLANG_WARN_BOOL_CONVERSION = YES;
				CLANG_WARN_COMMA = YES;
				CLANG_WARN_CONSTANT_CONVERSION = YES;
				CLANG_WARN_DEPRECATED_OBJC_IMPLEMENTATIONS = YES;
				CLANG_WARN_DIRECT_OBJC_ISA_USAGE = YES_ERROR;
				CLANG_WARN_DOCUMENTATION_COMMENTS = YES;
				CLANG_WARN_EMPTY_BODY = YES;
				CLANG_WARN_ENUM_CONVERSION = YES;
				CLANG_WARN_INFINITE_RECURSION = YES;
				CLANG_WARN_INT_CONVERSION = YES;
				CLANG_WARN_NON_LITERAL_NULL_CONVERSION = YES;
				CLANG_WARN_OBJC_IMPLICIT_RETAIN_SELF = YES;
				CLANG_WARN_OBJC_LITERAL_CONVERSION = YES;
				CLANG_WARN_OBJC_ROOT_CLASS = YES_ERROR;
				CLANG_WARN_RANGE_LOOP_ANALYSIS = YES;
				CLANG_WARN_STRICT_PROTOTYPES = YES;
				CLANG_WARN_SUSPICIOUS_MOVE = YES;
				CLANG_WARN_UNGUARDED_AVAILABILITY = YES_AGGRESSIVE;
				CLANG_WARN_UNREACHABLE_CODE = YES;
				CLANG_WARN__DUPLICATE_METHOD_MATCH = YES;
				CODE_SIGN_IDENTITY = "iPhone Developer";
				COPY_PHASE_STRIP = NO;
				DEBUG_INFORMATION_FORMAT = dwarf;
				ENABLE_STRICT_OBJC_MSGSEND = YES;
				ENABLE_TESTABILITY = YES;
				GCC_C_LANGUAGE_STANDARD = gnu11;
				GCC_DYNAMIC_NO_PIC = NO;
				GCC_NO_COMMON_BLOCKS = YES;
				GCC_OPTIMIZATION_LEVEL = 0;
				GCC_PREPROCESSOR_DEFINITIONS = (
					"DEBUG=1",
					"$(inherited)",
				);
				GCC_WARN_64_TO_32_BIT_CONVERSION = YES;
				GCC_WARN_ABOUT_RETURN_TYPE = YES_ERROR;
				GCC_WARN_UNDECLARED_SELECTOR = YES;
				GCC_WARN_UNINITIALIZED_AUTOS = YES_AGGRESSIVE;
				GCC_WARN_UNUSED_FUNCTION = YES;
				GCC_WARN_UNUSED_VARIABLE = YES;
				IPHONEOS_DEPLOYMENT_TARGET = 12.1;
				MTL_ENABLE_DEBUG_INFO = INCLUDE_SOURCE;
				MTL_FAST_MATH = YES;
				ONLY_ACTIVE_ARCH = YES;
				SDKROOT = iphoneos;
				SWIFT_ACTIVE_COMPILATION_CONDITIONS = DEBUG;
				SWIFT_OPTIMIZATION_LEVEL = "-Onone";
			};
			name = Debug;
		};
		D0BEA76E220A2DEA00FF2485 /* Release */ = {
			isa = XCBuildConfiguration;
			buildSettings = {
				ALWAYS_SEARCH_USER_PATHS = NO;
				CLANG_ANALYZER_NONNULL = YES;
				CLANG_ANALYZER_NUMBER_OBJECT_CONVERSION = YES_AGGRESSIVE;
				CLANG_CXX_LANGUAGE_STANDARD = "gnu++14";
				CLANG_CXX_LIBRARY = "libc++";
				CLANG_ENABLE_MODULES = YES;
				CLANG_ENABLE_OBJC_ARC = YES;
				CLANG_ENABLE_OBJC_WEAK = YES;
				CLANG_WARN_BLOCK_CAPTURE_AUTORELEASING = YES;
				CLANG_WARN_BOOL_CONVERSION = YES;
				CLANG_WARN_COMMA = YES;
				CLANG_WARN_CONSTANT_CONVERSION = YES;
				CLANG_WARN_DEPRECATED_OBJC_IMPLEMENTATIONS = YES;
				CLANG_WARN_DIRECT_OBJC_ISA_USAGE = YES_ERROR;
				CLANG_WARN_DOCUMENTATION_COMMENTS = YES;
				CLANG_WARN_EMPTY_BODY = YES;
				CLANG_WARN_ENUM_CONVERSION = YES;
				CLANG_WARN_INFINITE_RECURSION = YES;
				CLANG_WARN_INT_CONVERSION = YES;
				CLANG_WARN_NON_LITERAL_NULL_CONVERSION = YES;
				CLANG_WARN_OBJC_IMPLICIT_RETAIN_SELF = YES;
				CLANG_WARN_OBJC_LITERAL_CONVERSION = YES;
				CLANG_WARN_OBJC_ROOT_CLASS = YES_ERROR;
				CLANG_WARN_RANGE_LOOP_ANALYSIS = YES;
				CLANG_WARN_STRICT_PROTOTYPES = YES;
				CLANG_WARN_SUSPICIOUS_MOVE = YES;
				CLANG_WARN_UNGUARDED_AVAILABILITY = YES_AGGRESSIVE;
				CLANG_WARN_UNREACHABLE_CODE = YES;
				CLANG_WARN__DUPLICATE_METHOD_MATCH = YES;
				CODE_SIGN_IDENTITY = "iPhone Developer";
				COPY_PHASE_STRIP = NO;
				DEBUG_INFORMATION_FORMAT = "dwarf-with-dsym";
				ENABLE_NS_ASSERTIONS = NO;
				ENABLE_STRICT_OBJC_MSGSEND = YES;
				GCC_C_LANGUAGE_STANDARD = gnu11;
				GCC_NO_COMMON_BLOCKS = YES;
				GCC_WARN_64_TO_32_BIT_CONVERSION = YES;
				GCC_WARN_ABOUT_RETURN_TYPE = YES_ERROR;
				GCC_WARN_UNDECLARED_SELECTOR = YES;
				GCC_WARN_UNINITIALIZED_AUTOS = YES_AGGRESSIVE;
				GCC_WARN_UNUSED_FUNCTION = YES;
				GCC_WARN_UNUSED_VARIABLE = YES;
				IPHONEOS_DEPLOYMENT_TARGET = 12.1;
				MTL_ENABLE_DEBUG_INFO = NO;
				MTL_FAST_MATH = YES;
				SDKROOT = iphoneos;
				SWIFT_COMPILATION_MODE = wholemodule;
				SWIFT_OPTIMIZATION_LEVEL = "-O";
				VALIDATE_PRODUCT = YES;
			};
			name = Release;
		};
		D0BEA770220A2DEA00FF2485 /* Debug */ = {
			isa = XCBuildConfiguration;
			buildSettings = {
				ASSETCATALOG_COMPILER_APPICON_NAME = AppIcon;
				CODE_SIGN_STYLE = Automatic;
				DEVELOPMENT_TEAM = 56L9FU8GYZ;
				INFOPLIST_FILE = "ReCharge-iOS/Info.plist";
				LD_RUNPATH_SEARCH_PATHS = (
					"$(inherited)",
					"@executable_path/Frameworks",
				);
				PRODUCT_BUNDLE_IDENTIFIER = "com.example.ReCharge-iOS";
				PRODUCT_NAME = "$(TARGET_NAME)";
				SWIFT_VERSION = 4.2;
				TARGETED_DEVICE_FAMILY = "1,2";
			};
			name = Debug;
		};
		D0BEA771220A2DEA00FF2485 /* Release */ = {
			isa = XCBuildConfiguration;
			buildSettings = {
				ASSETCATALOG_COMPILER_APPICON_NAME = AppIcon;
				CODE_SIGN_STYLE = Automatic;
				DEVELOPMENT_TEAM = 56L9FU8GYZ;
				INFOPLIST_FILE = "ReCharge-iOS/Info.plist";
				LD_RUNPATH_SEARCH_PATHS = (
					"$(inherited)",
					"@executable_path/Frameworks",
				);
				PRODUCT_BUNDLE_IDENTIFIER = "com.example.ReCharge-iOS";
				PRODUCT_NAME = "$(TARGET_NAME)";
				SWIFT_VERSION = 4.2;
				TARGETED_DEVICE_FAMILY = "1,2";
			};
			name = Release;
		};
/* End XCBuildConfiguration section */

/* Begin XCConfigurationList section */
		D0BEA755220A2DEA00FF2485 /* Build configuration list for PBXProject "ReCharge-iOS" */ = {
			isa = XCConfigurationList;
			buildConfigurations = (
				D0BEA76D220A2DEA00FF2485 /* Debug */,
				D0BEA76E220A2DEA00FF2485 /* Release */,
			);
			defaultConfigurationIsVisible = 0;
			defaultConfigurationName = Release;
		};
		D0BEA76F220A2DEA00FF2485 /* Build configuration list for PBXNativeTarget "ReCharge-iOS" */ = {
			isa = XCConfigurationList;
			buildConfigurations = (
				D0BEA770220A2DEA00FF2485 /* Debug */,
				D0BEA771220A2DEA00FF2485 /* Release */,
			);
			defaultConfigurationIsVisible = 0;
			defaultConfigurationName = Release;
		};
/* End XCConfigurationList section */

/* Begin XCVersionGroup section */
		D0BEA764220A2DEA00FF2485 /* ReCharge_iOS.xcdatamodeld */ = {
			isa = XCVersionGroup;
			children = (
				D0BEA765220A2DEA00FF2485 /* ReCharge_iOS.xcdatamodel */,
			);
			currentVersion = D0BEA765220A2DEA00FF2485 /* ReCharge_iOS.xcdatamodel */;
			path = ReCharge_iOS.xcdatamodeld;
			sourceTree = "<group>";
			versionGroupType = wrapper.xcdatamodel;
		};
/* End XCVersionGroup section */
	};
	rootObject = D0BEA752220A2DEA00FF2485 /* Project object */;
}
